{
  "nodes": {
    "nixpkgs": {
      "locked": {
        "lastModified": 1669207345,
        "narHash": "sha256-KwfRW0f70Y19EkbB6D9wy7AoYqCYPuIL/2taiJPvuxg=",
        "owner": "NixOS",
        "repo": "nixpkgs",
        "rev": "3ea5616c21dd186129f90a86c66352359a45cb07",
        "type": "github"
      },
      "original": {
        "owner": "NixOS",
        "ref": "nixpkgs-unstable",
        "repo": "nixpkgs",
        "type": "github"
      }
    },
    "root": {
      "inputs": {
        "nixpkgs": "nixpkgs"
      }
    }
  },
  "root": "root",
  "version": 7
}
